
Microsoft Visual Studio Solution File, Format Version 12.00
# Visual Studio Version 17
VisualStudioVersion = 17.9.34622.214
MinimumVisualStudioVersion = 10.0.40219.1
Project("{FAE04EC0-301F-11D3-BF4B-00C04F79EFBC}") = "Advanced 4", "Advanced 4\Advanced 4.csproj", "{CB72FF4E-384C-4823-89C0-7E95032DC2EB}"
EndProject
Global
	GlobalSection(SolutionConfigurationPlatforms) = preSolution
		Debug|Any CPU = Debug|Any CPU
		Release|Any CPU = Release|Any CPU
	EndGlobalSection
	GlobalSection(ProjectConfigurationPlatforms) = postSolution
		{CB72FF4E-384C-4823-89C0-7E95032DC2EB}.Debug|Any CPU.ActiveCfg = Debug|Any CPU
		{CB72FF4E-384C-4823-89C0-7E95032DC2EB}.Debug|Any CPU.Build.0 = Debug|Any CPU
		{CB72FF4E-384C-4823-89C0-7E95032DC2EB}.Release|Any CPU.ActiveCfg = Release|Any CPU
		{CB72FF4E-384C-4823-89C0-7E95032DC2EB}.Release|Any CPU.Build.0 = Release|Any CPU
	EndGlobalSection
	GlobalSection(SolutionProperties) = preSolution
		HideSolutionNode = FALSE
	EndGlobalSection
	GlobalSection(ExtensibilityGlobals) = postSolution
		SolutionGuid = {B47777EB-6724-469B-A1E3-60224CB2D459}
	EndGlobalSection
EndGlobal
